
Microsoft Visual Studio Solution File, Format Version 12.00
# Visual Studio Version 17
VisualStudioVersion = 17.1.32328.378
MinimumVisualStudioVersion = 10.0.40219.1
Project("{FAE04EC0-301F-11D3-BF4B-00C04F79EFBC}") = "API", "API\API.csproj", "{704555E8-9466-48CC-A38D-9AE652B1A18C}"
EndProject
Global
	GlobalSection(SolutionConfigurationPlatforms) = preSolution
		Debug|Any CPU = Debug|Any CPU
		Release|Any CPU = Release|Any CPU
	EndGlobalSection
	GlobalSection(ProjectConfigurationPlatforms) = postSolution
		{704555E8-9466-48CC-A38D-9AE652B1A18C}.Debug|Any CPU.ActiveCfg = Debug|Any CPU
		{704555E8-9466-48CC-A38D-9AE652B1A18C}.Debug|Any CPU.Build.0 = Debug|Any CPU
		{704555E8-9466-48CC-A38D-9AE652B1A18C}.Release|Any CPU.ActiveCfg = Release|Any CPU
		{704555E8-9466-48CC-A38D-9AE652B1A18C}.Release|Any CPU.Build.0 = Release|Any CPU
	EndGlobalSection
	GlobalSection(SolutionProperties) = preSolution
		HideSolutionNode = FALSE
	EndGlobalSection
	GlobalSection(ExtensibilityGlobals) = postSolution
		SolutionGuid = {4E0190B4-C0A0-4C91-86E8-CA8560634BA4}
	EndGlobalSection
EndGlobal
